
Microsoft Visual Studio Solution File, Format Version 12.00
# Visual Studio Version 16
VisualStudioVersion = 16.0.31129.286
MinimumVisualStudioVersion = 10.0.40219.1
Project("{8BC9CEB8-8B4A-11D0-8D11-00A0C91BC942}") = "LaborClass414", "LaborClass414\LaborClass414.vcxproj", "{2E3C7DD7-9E6B-49D4-9470-CB2B5DB2902D}"
EndProject
Project("{8BC9CEB8-8B4A-11D0-8D11-00A0C91BC942}") = "LaborClass414Function", "LaborClass414Function\LaborClass414Function.vcxproj", "{5F80EF1A-0AC5-47A7-AAA6-BB5284B66908}"
EndProject
Project("{8BC9CEB8-8B4A-11D0-8D11-00A0C91BC942}") = "LaborUnion331Client", "LaborUnion331Client\LaborUnion331Client.vcxproj", "{E5B9B39D-FCF1-434B-B4F5-4F8053299745}"
EndProject
Project("{8BC9CEB8-8B4A-11D0-8D11-00A0C91BC942}") = "LaborUnion331Server", "LaborUnion331\LaborUnion331.vcxproj", "{F7FAA021-3AF4-4CFF-B587-6D45ABFEB24A}"
EndProject
Project("{8BC9CEB8-8B4A-11D0-8D11-00A0C91BC942}") = "LaborUnion2ndClassClient", "LaborUnion2ndClass\LaborUnion2ndClass.vcxproj", "{7D075D49-C237-4DC8-B18D-631D5A4AD6FC}"
EndProject
Project("{8BC9CEB8-8B4A-11D0-8D11-00A0C91BC942}") = "LaborUnion2ndClassServer", "LaborUnion2ndClassClient\LaborUnion2ndClassClient.vcxproj", "{9136D727-3E6F-43A5-A2D7-38D3D06520CE}"
EndProject
Project("{8BC9CEB8-8B4A-11D0-8D11-00A0C91BC942}") = "LaborUnion317", "LaborUnion317\LaborUnion317.vcxproj", "{F806CB21-FB18-4D58-AF69-EC7D9D9CFAC0}"
EndProject
Global
	GlobalSection(SolutionConfigurationPlatforms) = preSolution
		Debug|x64 = Debug|x64
		Debug|x86 = Debug|x86
		Release|x64 = Release|x64
		Release|x86 = Release|x86
	EndGlobalSection
	GlobalSection(ProjectConfigurationPlatforms) = postSolution
		{2E3C7DD7-9E6B-49D4-9470-CB2B5DB2902D}.Debug|x64.ActiveCfg = Debug|x64
		{2E3C7DD7-9E6B-49D4-9470-CB2B5DB2902D}.Debug|x64.Build.0 = Debug|x64
		{2E3C7DD7-9E6B-49D4-9470-CB2B5DB2902D}.Debug|x86.ActiveCfg = Debug|Win32
		{2E3C7DD7-9E6B-49D4-9470-CB2B5DB2902D}.Debug|x86.Build.0 = Debug|Win32
		{2E3C7DD7-9E6B-49D4-9470-CB2B5DB2902D}.Release|x64.ActiveCfg = Release|x64
		{2E3C7DD7-9E6B-49D4-9470-CB2B5DB2902D}.Release|x64.Build.0 = Release|x64
		{2E3C7DD7-9E6B-49D4-9470-CB2B5DB2902D}.Release|x86.ActiveCfg = Release|Win32
		{2E3C7DD7-9E6B-49D4-9470-CB2B5DB2902D}.Release|x86.Build.0 = Release|Win32
		{5F80EF1A-0AC5-47A7-AAA6-BB5284B66908}.Debug|x64.ActiveCfg = Debug|x64
		{5F80EF1A-0AC5-47A7-AAA6-BB5284B66908}.Debug|x64.Build.0 = Debug|x64
		{5F80EF1A-0AC5-47A7-AAA6-BB5284B66908}.Debug|x86.ActiveCfg = Debug|Win32
		{5F80EF1A-0AC5-47A7-AAA6-BB5284B66908}.Debug|x86.Build.0 = Debug|Win32
		{5F80EF1A-0AC5-47A7-AAA6-BB5284B66908}.Release|x64.ActiveCfg = Release|x64
		{5F80EF1A-0AC5-47A7-AAA6-BB5284B66908}.Release|x64.Build.0 = Release|x64
		{5F80EF1A-0AC5-47A7-AAA6-BB5284B66908}.Release|x86.ActiveCfg = Release|Win32
		{5F80EF1A-0AC5-47A7-AAA6-BB5284B66908}.Release|x86.Build.0 = Release|Win32
		{E5B9B39D-FCF1-434B-B4F5-4F8053299745}.Debug|x64.ActiveCfg = Debug|x64
		{E5B9B39D-FCF1-434B-B4F5-4F8053299745}.Debug|x64.Build.0 = Debug|x64
		{E5B9B39D-FCF1-434B-B4F5-4F8053299745}.Debug|x86.ActiveCfg = Debug|Win32
		{E5B9B39D-FCF1-434B-B4F5-4F8053299745}.Debug|x86.Build.0 = Debug|Win32
		{E5B9B39D-FCF1-434B-B4F5-4F8053299745}.Release|x64.ActiveCfg = Release|x64
		{E5B9B39D-FCF1-434B-B4F5-4F8053299745}.Release|x64.Build.0 = Release|x64
		{E5B9B39D-FCF1-434B-B4F5-4F8053299745}.Release|x86.ActiveCfg = Release|Win32
		{E5B9B39D-FCF1-434B-B4F5-4F8053299745}.Release|x86.Build.0 = Release|Win32
		{F7FAA021-3AF4-4CFF-B587-6D45ABFEB24A}.Debug|x64.ActiveCfg = Debug|x64
		{F7FAA021-3AF4-4CFF-B587-6D45ABFEB24A}.Debug|x64.Build.0 = Debug|x64
		{F7FAA021-3AF4-4CFF-B587-6D45ABFEB24A}.Debug|x86.ActiveCfg = Debug|Win32
		{F7FAA021-3AF4-4CFF-B587-6D45ABFEB24A}.Debug|x86.Build.0 = Debug|Win32
		{F7FAA021-3AF4-4CFF-B587-6D45ABFEB24A}.Release|x64.ActiveCfg = Release|x64
		{F7FAA021-3AF4-4CFF-B587-6D45ABFEB24A}.Release|x64.Build.0 = Release|x64
		{F7FAA021-3AF4-4CFF-B587-6D45ABFEB24A}.Release|x86.ActiveCfg = Release|Win32
		{F7FAA021-3AF4-4CFF-B587-6D45ABFEB24A}.Release|x86.Build.0 = Release|Win32
		{7D075D49-C237-4DC8-B18D-631D5A4AD6FC}.Debug|x64.ActiveCfg = Debug|x64
		{7D075D49-C237-4DC8-B18D-631D5A4AD6FC}.Debug|x64.Build.0 = Debug|x64
		{7D075D49-C237-4DC8-B18D-631D5A4AD6FC}.Debug|x86.ActiveCfg = Debug|Win32
		{7D075D49-C237-4DC8-B18D-631D5A4AD6FC}.Debug|x86.Build.0 = Debug|Win32
		{7D075D49-C237-4DC8-B18D-631D5A4AD6FC}.Release|x64.ActiveCfg = Release|x64
		{7D075D49-C237-4DC8-B18D-631D5A4AD6FC}.Release|x64.Build.0 = Release|x64
		{7D075D49-C237-4DC8-B18D-631D5A4AD6FC}.Release|x86.ActiveCfg = Release|Win32
		{7D075D49-C237-4DC8-B18D-631D5A4AD6FC}.Release|x86.Build.0 = Release|Win32
		{9136D727-3E6F-43A5-A2D7-38D3D06520CE}.Debug|x64.ActiveCfg = Debug|x64
		{9136D727-3E6F-43A5-A2D7-38D3D06520CE}.Debug|x64.Build.0 = Debug|x64
		{9136D727-3E6F-43A5-A2D7-38D3D06520CE}.Debug|x86.ActiveCfg = Debug|Win32
		{9136D727-3E6F-43A5-A2D7-38D3D06520CE}.Debug|x86.Build.0 = Debug|Win32
		{9136D727-3E6F-43A5-A2D7-38D3D06520CE}.Release|x64.ActiveCfg = Release|x64
		{9136D727-3E6F-43A5-A2D7-38D3D06520CE}.Release|x64.Build.0 = Release|x64
		{9136D727-3E6F-43A5-A2D7-38D3D06520CE}.Release|x86.ActiveCfg = Release|Win32
		{9136D727-3E6F-43A5-A2D7-38D3D06520CE}.Release|x86.Build.0 = Release|Win32
		{F806CB21-FB18-4D58-AF69-EC7D9D9CFAC0}.Debug|x64.ActiveCfg = Debug|x64
		{F806CB21-FB18-4D58-AF69-EC7D9D9CFAC0}.Debug|x64.Build.0 = Debug|x64
		{F806CB21-FB18-4D58-AF69-EC7D9D9CFAC0}.Debug|x86.ActiveCfg = Debug|Win32
		{F806CB21-FB18-4D58-AF69-EC7D9D9CFAC0}.Debug|x86.Build.0 = Debug|Win32
		{F806CB21-FB18-4D58-AF69-EC7D9D9CFAC0}.Release|x64.ActiveCfg = Release|x64
		{F806CB21-FB18-4D58-AF69-EC7D9D9CFAC0}.Release|x64.Build.0 = Release|x64
		{F806CB21-FB18-4D58-AF69-EC7D9D9CFAC0}.Release|x86.ActiveCfg = Release|Win32
		{F806CB21-FB18-4D58-AF69-EC7D9D9CFAC0}.Release|x86.Build.0 = Release|Win32
	EndGlobalSection
	GlobalSection(SolutionProperties) = preSolution
		HideSolutionNode = FALSE
	EndGlobalSection
	GlobalSection(ExtensibilityGlobals) = postSolution
		SolutionGuid = {AF261C90-ACDB-42E0-BC8D-050478AAFF4E}
	EndGlobalSection
EndGlobal
