
Microsoft Visual Studio Solution File, Format Version 12.00
# Visual Studio Version 16
VisualStudioVersion = 16.0.31005.135
MinimumVisualStudioVersion = 10.0.40219.1
Project("{8BC9CEB8-8B4A-11D0-8D11-00A0C91BC942}") = "LaborUnionExampleServer", "LaborUnion\LaborUnion.vcxproj", "{555039CA-1F08-4132-9D89-8A2B408268C4}"
EndProject
Project("{8BC9CEB8-8B4A-11D0-8D11-00A0C91BC942}") = "LaborUnionExampleClient", "LaborUnionClinet\LaborUnionClinet.vcxproj", "{E4803A95-9F96-48F0-9F73-B96CAEA0BEDC}"
EndProject
Project("{8BC9CEB8-8B4A-11D0-8D11-00A0C91BC942}") = "LaborUnionSerializationClilent", "LaborUnionSerialization\LaborUnionSerialization.vcxproj", "{4427412B-91AC-435C-9B40-364B07DDF5D4}"
EndProject
Project("{8BC9CEB8-8B4A-11D0-8D11-00A0C91BC942}") = "LaborUnionSerializationServer", "LaborUnionSerializationServer\LaborUnionSerializationServer.vcxproj", "{888E8D5B-45E0-4F70-A084-5724618FA9D9}"
EndProject
Project("{8BC9CEB8-8B4A-11D0-8D11-00A0C91BC942}") = "LaborUnionEchoServer", "LaborUnionEchoServer\LaborUnionEchoServer.vcxproj", "{9851B36C-5580-4224-880C-323FAFF2DBCF}"
EndProject
Project("{8BC9CEB8-8B4A-11D0-8D11-00A0C91BC942}") = "LaborUnionEchoClient", "LaborUnionEchoClient\LaborUnionEchoClient.vcxproj", "{3807A625-C8CE-4494-80BF-CFF0A6C0B191}"
EndProject
Project("{8BC9CEB8-8B4A-11D0-8D11-00A0C91BC942}") = "LaborUnion317", "LaborUnion317\LaborUnion317.vcxproj", "{F806CB21-FB18-4D58-AF69-EC7D9D9CFAC0}"
EndProject
Project("{8BC9CEB8-8B4A-11D0-8D11-00A0C91BC942}") = "LaborUnion2ndClassClient", "LaborUnion2ndClass\LaborUnion2ndClass.vcxproj", "{7D075D49-C237-4DC8-B18D-631D5A4AD6FC}"
EndProject
Project("{8BC9CEB8-8B4A-11D0-8D11-00A0C91BC942}") = "LaborUnion2ndClassServer", "LaborUnion2ndClassClient\LaborUnion2ndClassClient.vcxproj", "{9136D727-3E6F-43A5-A2D7-38D3D06520CE}"
EndProject
Project("{8BC9CEB8-8B4A-11D0-8D11-00A0C91BC942}") = "LaborUnionNetcordServer", "LaborUnionNetcordServer\LaborUnionNetcordServer.vcxproj", "{5096FAFC-8550-44C2-BC85-2B1F395C76BB}"
EndProject
Project("{8BC9CEB8-8B4A-11D0-8D11-00A0C91BC942}") = "LaborUnionNetcordServer(Ori_ver)", "LaborUnionNetcordServer(Ori_ver)\LaborUnionNetcordServer(Ori_ver).vcxproj", "{36EBAF24-8CC9-4FED-BB38-AC2A85AE88A2}"
EndProject
Project("{8BC9CEB8-8B4A-11D0-8D11-00A0C91BC942}") = "LaborUnionNetcordServer(edited)", "LaborUnionNetcordServer(edited)\LaborUnionNetcordServer(edited).vcxproj", "{1F2FF9F0-46CF-48F8-AF52-A54DD0A825ED}"
EndProject
Global
	GlobalSection(SolutionConfigurationPlatforms) = preSolution
		Debug|x64 = Debug|x64
		Debug|x86 = Debug|x86
		Release|x64 = Release|x64
		Release|x86 = Release|x86
	EndGlobalSection
	GlobalSection(ProjectConfigurationPlatforms) = postSolution
		{555039CA-1F08-4132-9D89-8A2B408268C4}.Debug|x64.ActiveCfg = Debug|x64
		{555039CA-1F08-4132-9D89-8A2B408268C4}.Debug|x64.Build.0 = Debug|x64
		{555039CA-1F08-4132-9D89-8A2B408268C4}.Debug|x86.ActiveCfg = Debug|Win32
		{555039CA-1F08-4132-9D89-8A2B408268C4}.Debug|x86.Build.0 = Debug|Win32
		{555039CA-1F08-4132-9D89-8A2B408268C4}.Release|x64.ActiveCfg = Release|x64
		{555039CA-1F08-4132-9D89-8A2B408268C4}.Release|x64.Build.0 = Release|x64
		{555039CA-1F08-4132-9D89-8A2B408268C4}.Release|x86.ActiveCfg = Release|Win32
		{555039CA-1F08-4132-9D89-8A2B408268C4}.Release|x86.Build.0 = Release|Win32
		{E4803A95-9F96-48F0-9F73-B96CAEA0BEDC}.Debug|x64.ActiveCfg = Debug|x64
		{E4803A95-9F96-48F0-9F73-B96CAEA0BEDC}.Debug|x64.Build.0 = Debug|x64
		{E4803A95-9F96-48F0-9F73-B96CAEA0BEDC}.Debug|x86.ActiveCfg = Debug|Win32
		{E4803A95-9F96-48F0-9F73-B96CAEA0BEDC}.Debug|x86.Build.0 = Debug|Win32
		{E4803A95-9F96-48F0-9F73-B96CAEA0BEDC}.Release|x64.ActiveCfg = Release|x64
		{E4803A95-9F96-48F0-9F73-B96CAEA0BEDC}.Release|x64.Build.0 = Release|x64
		{E4803A95-9F96-48F0-9F73-B96CAEA0BEDC}.Release|x86.ActiveCfg = Release|Win32
		{E4803A95-9F96-48F0-9F73-B96CAEA0BEDC}.Release|x86.Build.0 = Release|Win32
		{4427412B-91AC-435C-9B40-364B07DDF5D4}.Debug|x64.ActiveCfg = Debug|x64
		{4427412B-91AC-435C-9B40-364B07DDF5D4}.Debug|x64.Build.0 = Debug|x64
		{4427412B-91AC-435C-9B40-364B07DDF5D4}.Debug|x86.ActiveCfg = Debug|Win32
		{4427412B-91AC-435C-9B40-364B07DDF5D4}.Debug|x86.Build.0 = Debug|Win32
		{4427412B-91AC-435C-9B40-364B07DDF5D4}.Release|x64.ActiveCfg = Release|x64
		{4427412B-91AC-435C-9B40-364B07DDF5D4}.Release|x64.Build.0 = Release|x64
		{4427412B-91AC-435C-9B40-364B07DDF5D4}.Release|x86.ActiveCfg = Release|Win32
		{4427412B-91AC-435C-9B40-364B07DDF5D4}.Release|x86.Build.0 = Release|Win32
		{888E8D5B-45E0-4F70-A084-5724618FA9D9}.Debug|x64.ActiveCfg = Debug|x64
		{888E8D5B-45E0-4F70-A084-5724618FA9D9}.Debug|x64.Build.0 = Debug|x64
		{888E8D5B-45E0-4F70-A084-5724618FA9D9}.Debug|x86.ActiveCfg = Debug|Win32
		{888E8D5B-45E0-4F70-A084-5724618FA9D9}.Debug|x86.Build.0 = Debug|Win32
		{888E8D5B-45E0-4F70-A084-5724618FA9D9}.Release|x64.ActiveCfg = Release|x64
		{888E8D5B-45E0-4F70-A084-5724618FA9D9}.Release|x64.Build.0 = Release|x64
		{888E8D5B-45E0-4F70-A084-5724618FA9D9}.Release|x86.ActiveCfg = Release|Win32
		{888E8D5B-45E0-4F70-A084-5724618FA9D9}.Release|x86.Build.0 = Release|Win32
		{9851B36C-5580-4224-880C-323FAFF2DBCF}.Debug|x64.ActiveCfg = Debug|x64
		{9851B36C-5580-4224-880C-323FAFF2DBCF}.Debug|x64.Build.0 = Debug|x64
		{9851B36C-5580-4224-880C-323FAFF2DBCF}.Debug|x86.ActiveCfg = Debug|Win32
		{9851B36C-5580-4224-880C-323FAFF2DBCF}.Debug|x86.Build.0 = Debug|Win32
		{9851B36C-5580-4224-880C-323FAFF2DBCF}.Release|x64.ActiveCfg = Release|x64
		{9851B36C-5580-4224-880C-323FAFF2DBCF}.Release|x64.Build.0 = Release|x64
		{9851B36C-5580-4224-880C-323FAFF2DBCF}.Release|x86.ActiveCfg = Release|Win32
		{9851B36C-5580-4224-880C-323FAFF2DBCF}.Release|x86.Build.0 = Release|Win32
		{3807A625-C8CE-4494-80BF-CFF0A6C0B191}.Debug|x64.ActiveCfg = Debug|x64
		{3807A625-C8CE-4494-80BF-CFF0A6C0B191}.Debug|x64.Build.0 = Debug|x64
		{3807A625-C8CE-4494-80BF-CFF0A6C0B191}.Debug|x86.ActiveCfg = Debug|Win32
		{3807A625-C8CE-4494-80BF-CFF0A6C0B191}.Debug|x86.Build.0 = Debug|Win32
		{3807A625-C8CE-4494-80BF-CFF0A6C0B191}.Release|x64.ActiveCfg = Release|x64
		{3807A625-C8CE-4494-80BF-CFF0A6C0B191}.Release|x64.Build.0 = Release|x64
		{3807A625-C8CE-4494-80BF-CFF0A6C0B191}.Release|x86.ActiveCfg = Release|Win32
		{3807A625-C8CE-4494-80BF-CFF0A6C0B191}.Release|x86.Build.0 = Release|Win32
		{F806CB21-FB18-4D58-AF69-EC7D9D9CFAC0}.Debug|x64.ActiveCfg = Debug|x64
		{F806CB21-FB18-4D58-AF69-EC7D9D9CFAC0}.Debug|x64.Build.0 = Debug|x64
		{F806CB21-FB18-4D58-AF69-EC7D9D9CFAC0}.Debug|x86.ActiveCfg = Debug|Win32
		{F806CB21-FB18-4D58-AF69-EC7D9D9CFAC0}.Debug|x86.Build.0 = Debug|Win32
		{F806CB21-FB18-4D58-AF69-EC7D9D9CFAC0}.Release|x64.ActiveCfg = Release|x64
		{F806CB21-FB18-4D58-AF69-EC7D9D9CFAC0}.Release|x64.Build.0 = Release|x64
		{F806CB21-FB18-4D58-AF69-EC7D9D9CFAC0}.Release|x86.ActiveCfg = Release|Win32
		{F806CB21-FB18-4D58-AF69-EC7D9D9CFAC0}.Release|x86.Build.0 = Release|Win32
		{7D075D49-C237-4DC8-B18D-631D5A4AD6FC}.Debug|x64.ActiveCfg = Debug|x64
		{7D075D49-C237-4DC8-B18D-631D5A4AD6FC}.Debug|x64.Build.0 = Debug|x64
		{7D075D49-C237-4DC8-B18D-631D5A4AD6FC}.Debug|x86.ActiveCfg = Debug|Win32
		{7D075D49-C237-4DC8-B18D-631D5A4AD6FC}.Debug|x86.Build.0 = Debug|Win32
		{7D075D49-C237-4DC8-B18D-631D5A4AD6FC}.Release|x64.ActiveCfg = Release|x64
		{7D075D49-C237-4DC8-B18D-631D5A4AD6FC}.Release|x64.Build.0 = Release|x64
		{7D075D49-C237-4DC8-B18D-631D5A4AD6FC}.Release|x86.ActiveCfg = Release|Win32
		{7D075D49-C237-4DC8-B18D-631D5A4AD6FC}.Release|x86.Build.0 = Release|Win32
		{9136D727-3E6F-43A5-A2D7-38D3D06520CE}.Debug|x64.ActiveCfg = Debug|x64
		{9136D727-3E6F-43A5-A2D7-38D3D06520CE}.Debug|x64.Build.0 = Debug|x64
		{9136D727-3E6F-43A5-A2D7-38D3D06520CE}.Debug|x86.ActiveCfg = Debug|Win32
		{9136D727-3E6F-43A5-A2D7-38D3D06520CE}.Debug|x86.Build.0 = Debug|Win32
		{9136D727-3E6F-43A5-A2D7-38D3D06520CE}.Release|x64.ActiveCfg = Release|x64
		{9136D727-3E6F-43A5-A2D7-38D3D06520CE}.Release|x64.Build.0 = Release|x64
		{9136D727-3E6F-43A5-A2D7-38D3D06520CE}.Release|x86.ActiveCfg = Release|Win32
		{9136D727-3E6F-43A5-A2D7-38D3D06520CE}.Release|x86.Build.0 = Release|Win32
		{5096FAFC-8550-44C2-BC85-2B1F395C76BB}.Debug|x64.ActiveCfg = Debug|x64
		{5096FAFC-8550-44C2-BC85-2B1F395C76BB}.Debug|x64.Build.0 = Debug|x64
		{5096FAFC-8550-44C2-BC85-2B1F395C76BB}.Debug|x86.ActiveCfg = Debug|Win32
		{5096FAFC-8550-44C2-BC85-2B1F395C76BB}.Debug|x86.Build.0 = Debug|Win32
		{5096FAFC-8550-44C2-BC85-2B1F395C76BB}.Release|x64.ActiveCfg = Release|x64
		{5096FAFC-8550-44C2-BC85-2B1F395C76BB}.Release|x64.Build.0 = Release|x64
		{5096FAFC-8550-44C2-BC85-2B1F395C76BB}.Release|x86.ActiveCfg = Release|Win32
		{5096FAFC-8550-44C2-BC85-2B1F395C76BB}.Release|x86.Build.0 = Release|Win32
		{36EBAF24-8CC9-4FED-BB38-AC2A85AE88A2}.Debug|x64.ActiveCfg = Debug|x64
		{36EBAF24-8CC9-4FED-BB38-AC2A85AE88A2}.Debug|x64.Build.0 = Debug|x64
		{36EBAF24-8CC9-4FED-BB38-AC2A85AE88A2}.Debug|x86.ActiveCfg = Debug|Win32
		{36EBAF24-8CC9-4FED-BB38-AC2A85AE88A2}.Debug|x86.Build.0 = Debug|Win32
		{36EBAF24-8CC9-4FED-BB38-AC2A85AE88A2}.Release|x64.ActiveCfg = Release|x64
		{36EBAF24-8CC9-4FED-BB38-AC2A85AE88A2}.Release|x64.Build.0 = Release|x64
		{36EBAF24-8CC9-4FED-BB38-AC2A85AE88A2}.Release|x86.ActiveCfg = Release|Win32
		{36EBAF24-8CC9-4FED-BB38-AC2A85AE88A2}.Release|x86.Build.0 = Release|Win32
		{1F2FF9F0-46CF-48F8-AF52-A54DD0A825ED}.Debug|x64.ActiveCfg = Debug|x64
		{1F2FF9F0-46CF-48F8-AF52-A54DD0A825ED}.Debug|x64.Build.0 = Debug|x64
		{1F2FF9F0-46CF-48F8-AF52-A54DD0A825ED}.Debug|x86.ActiveCfg = Debug|Win32
		{1F2FF9F0-46CF-48F8-AF52-A54DD0A825ED}.Debug|x86.Build.0 = Debug|Win32
		{1F2FF9F0-46CF-48F8-AF52-A54DD0A825ED}.Release|x64.ActiveCfg = Release|x64
		{1F2FF9F0-46CF-48F8-AF52-A54DD0A825ED}.Release|x64.Build.0 = Release|x64
		{1F2FF9F0-46CF-48F8-AF52-A54DD0A825ED}.Release|x86.ActiveCfg = Release|Win32
		{1F2FF9F0-46CF-48F8-AF52-A54DD0A825ED}.Release|x86.Build.0 = Release|Win32
	EndGlobalSection
	GlobalSection(SolutionProperties) = preSolution
		HideSolutionNode = FALSE
	EndGlobalSection
	GlobalSection(ExtensibilityGlobals) = postSolution
		SolutionGuid = {7F355068-4037-4D12-87A9-BC75F0395113}
	EndGlobalSection
EndGlobal
